
Microsoft Visual Studio Solution File, Format Version 12.00
# Visual Studio Version 16
VisualStudioVersion = 16.0.34031.81
MinimumVisualStudioVersion = 10.0.40219.1
Project("{8BC9CEB8-8B4A-11D0-8D11-00A0C91BC942}") = "Lab_7.1.rec", "Lab_7.1.rec\Lab_7.1.rec.vcxproj", "{E41DF08D-811D-4ED5-9466-FD7C56A3E6D3}"
EndProject
Project("{8BC9CEB8-8B4A-11D0-8D11-00A0C91BC942}") = "UnitTest_Lab_7.2", "UnitTest_Lab_7.2\UnitTest_Lab_7.2.vcxproj", "{FB359140-319F-4F7F-A18C-AF11B6A39BD3}"
EndProject
Global
	GlobalSection(SolutionConfigurationPlatforms) = preSolution
		Debug|x64 = Debug|x64
		Debug|x86 = Debug|x86
		Release|x64 = Release|x64
		Release|x86 = Release|x86
	EndGlobalSection
	GlobalSection(ProjectConfigurationPlatforms) = postSolution
		{E41DF08D-811D-4ED5-9466-FD7C56A3E6D3}.Debug|x64.ActiveCfg = Debug|x64
		{E41DF08D-811D-4ED5-9466-FD7C56A3E6D3}.Debug|x64.Build.0 = Debug|x64
		{E41DF08D-811D-4ED5-9466-FD7C56A3E6D3}.Debug|x86.ActiveCfg = Debug|Win32
		{E41DF08D-811D-4ED5-9466-FD7C56A3E6D3}.Debug|x86.Build.0 = Debug|Win32
		{E41DF08D-811D-4ED5-9466-FD7C56A3E6D3}.Release|x64.ActiveCfg = Release|x64
		{E41DF08D-811D-4ED5-9466-FD7C56A3E6D3}.Release|x64.Build.0 = Release|x64
		{E41DF08D-811D-4ED5-9466-FD7C56A3E6D3}.Release|x86.ActiveCfg = Release|Win32
		{E41DF08D-811D-4ED5-9466-FD7C56A3E6D3}.Release|x86.Build.0 = Release|Win32
		{FB359140-319F-4F7F-A18C-AF11B6A39BD3}.Debug|x64.ActiveCfg = Debug|x64
		{FB359140-319F-4F7F-A18C-AF11B6A39BD3}.Debug|x64.Build.0 = Debug|x64
		{FB359140-319F-4F7F-A18C-AF11B6A39BD3}.Debug|x86.ActiveCfg = Debug|Win32
		{FB359140-319F-4F7F-A18C-AF11B6A39BD3}.Debug|x86.Build.0 = Debug|Win32
		{FB359140-319F-4F7F-A18C-AF11B6A39BD3}.Release|x64.ActiveCfg = Release|x64
		{FB359140-319F-4F7F-A18C-AF11B6A39BD3}.Release|x64.Build.0 = Release|x64
		{FB359140-319F-4F7F-A18C-AF11B6A39BD3}.Release|x86.ActiveCfg = Release|Win32
		{FB359140-319F-4F7F-A18C-AF11B6A39BD3}.Release|x86.Build.0 = Release|Win32
	EndGlobalSection
	GlobalSection(SolutionProperties) = preSolution
		HideSolutionNode = FALSE
	EndGlobalSection
	GlobalSection(ExtensibilityGlobals) = postSolution
		SolutionGuid = {12A61F0B-2D2F-4C1D-A888-558137D0F0E1}
	EndGlobalSection
EndGlobal
